
Microsoft Visual Studio Solution File, Format Version 12.00
# Visual Studio Version 17
VisualStudioVersion = 17.0.31903.59
MinimumVisualStudioVersion = 10.0.40219.1
Project("{FAE04EC0-301F-11D3-BF4B-00C04F79EFBC}") = "GarageManagement.Api", "GarageManagement.Api\GarageManagement.Api.csproj", "{88787D8B-6A07-4E72-BF71-F41AF1D57362}"
EndProject
Project("{FAE04EC0-301F-11D3-BF4B-00C04F79EFBC}") = "GarageManagement.Application", "GarageManagement.Application\GarageManagement.Application.csproj", "{9F42A8AA-1F2C-4FF3-A0D5-936A181DB393}"
EndProject
Project("{FAE04EC0-301F-11D3-BF4B-00C04F79EFBC}") = "GarageManagement.Domain", "GarageManagement.Domain\GarageManagement.Domain.csproj", "{94CCBFF7-BD39-4923-80F5-AA14FA50ED85}"
EndProject
Project("{FAE04EC0-301F-11D3-BF4B-00C04F79EFBC}") = "GarageManagement.Infrastructure", "GarageManagement.Infrastructure\GarageManagement.Infrastructure.csproj", "{6C8BFFAF-654A-4304-91F0-35EA998AB8AD}"
EndProject
Global
	GlobalSection(SolutionConfigurationPlatforms) = preSolution
		Debug|Any CPU = Debug|Any CPU
		Release|Any CPU = Release|Any CPU
	EndGlobalSection
	GlobalSection(SolutionProperties) = preSolution
		HideSolutionNode = FALSE
	EndGlobalSection
	GlobalSection(ProjectConfigurationPlatforms) = postSolution
		{88787D8B-6A07-4E72-BF71-F41AF1D57362}.Debug|Any CPU.ActiveCfg = Debug|Any CPU
		{88787D8B-6A07-4E72-BF71-F41AF1D57362}.Debug|Any CPU.Build.0 = Debug|Any CPU
		{88787D8B-6A07-4E72-BF71-F41AF1D57362}.Release|Any CPU.ActiveCfg = Release|Any CPU
		{88787D8B-6A07-4E72-BF71-F41AF1D57362}.Release|Any CPU.Build.0 = Release|Any CPU
		{9F42A8AA-1F2C-4FF3-A0D5-936A181DB393}.Debug|Any CPU.ActiveCfg = Debug|Any CPU
		{9F42A8AA-1F2C-4FF3-A0D5-936A181DB393}.Debug|Any CPU.Build.0 = Debug|Any CPU
		{9F42A8AA-1F2C-4FF3-A0D5-936A181DB393}.Release|Any CPU.ActiveCfg = Release|Any CPU
		{9F42A8AA-1F2C-4FF3-A0D5-936A181DB393}.Release|Any CPU.Build.0 = Release|Any CPU
		{94CCBFF7-BD39-4923-80F5-AA14FA50ED85}.Debug|Any CPU.ActiveCfg = Debug|Any CPU
		{94CCBFF7-BD39-4923-80F5-AA14FA50ED85}.Debug|Any CPU.Build.0 = Debug|Any CPU
		{94CCBFF7-BD39-4923-80F5-AA14FA50ED85}.Release|Any CPU.ActiveCfg = Release|Any CPU
		{94CCBFF7-BD39-4923-80F5-AA14FA50ED85}.Release|Any CPU.Build.0 = Release|Any CPU
		{6C8BFFAF-654A-4304-91F0-35EA998AB8AD}.Debug|Any CPU.ActiveCfg = Debug|Any CPU
		{6C8BFFAF-654A-4304-91F0-35EA998AB8AD}.Debug|Any CPU.Build.0 = Debug|Any CPU
		{6C8BFFAF-654A-4304-91F0-35EA998AB8AD}.Release|Any CPU.ActiveCfg = Release|Any CPU
		{6C8BFFAF-654A-4304-91F0-35EA998AB8AD}.Release|Any CPU.Build.0 = Release|Any CPU
	EndGlobalSection
EndGlobal
